
Microsoft Visual Studio Solution File, Format Version 12.00
# Visual Studio Version 16
VisualStudioVersion = 16.0.30517.126
MinimumVisualStudioVersion = 10.0.40219.1
Project("{2150E333-8FDC-42A3-9474-1A3956D46DE8}") = "Libraries", "Libraries", "{BF7CF0F2-F824-4A7E-B078-455265C6CE99}"
EndProject
Project("{2150E333-8FDC-42A3-9474-1A3956D46DE8}") = "Hosting", "Hosting", "{B14331A4-2A14-4054-B098-B9F34BF4282A}"
EndProject
Project("{2150E333-8FDC-42A3-9474-1A3956D46DE8}") = "Serialization", "Serialization", "{A07A554C-9CD3-4101-94DD-CC05BE41802F}"
EndProject
Project("{9A19103F-16F7-4668-BE54-9A1E7A4F7556}") = "Api.Libraries.Serialization.Processdefinition", "Api.Libraries.Serialization.Processdefinition\Api.Libraries.Serialization.Processdefinition.csproj", "{72AC0836-F3ED-457F-9A6F-D0CD60DB4B0E}"
EndProject
Project("{2150E333-8FDC-42A3-9474-1A3956D46DE8}") = "Solution Items", "Solution Items", "{92A91C4B-FEEC-4467-B244-F4DF5E53F6A6}"
	ProjectSection(SolutionItems) = preProject
		.editorconfig = .editorconfig
		Directory.Build.props = Directory.Build.props
	EndProjectSection
EndProject
Project("{9A19103F-16F7-4668-BE54-9A1E7A4F7556}") = "Api.Libraries.Serialization.Processdefinition.Tests", "Api.Libraries.Serialization.Processdefinition.Tests\Api.Libraries.Serialization.Processdefinition.Tests.csproj", "{C4D8CBD4-3142-4442-BC19-5657255D461A}"
EndProject
Project("{2150E333-8FDC-42A3-9474-1A3956D46DE8}") = "Extensions", "Extensions", "{909A6389-41B0-4C35-8C43-77B424979FF6}"
EndProject
Project("{9A19103F-16F7-4668-BE54-9A1E7A4F7556}") = "Api.Libraries.Extensions.Guard", "Api.Libraries.Extensions.Guard\Api.Libraries.Extensions.Guard.csproj", "{D0643044-B9B9-43B8-BC6E-3DEBD28CE6C0}"
EndProject
Project("{9A19103F-16F7-4668-BE54-9A1E7A4F7556}") = "Api.Libraries.Extensions.Guard.Tests", "Api.Libraries.Extensions.Guard.Tests\Api.Libraries.Extensions.Guard.Tests.csproj", "{A85F1B5D-1EAA-4CF2-9A0D-FC9FC7DAF836}"
EndProject
Project("{9A19103F-16F7-4668-BE54-9A1E7A4F7556}") = "Api.Hosting.WebApi", "Api.Hosting.WebApi\Api.Hosting.WebApi.csproj", "{D9C7F4B0-C3FC-44B4-9439-31A01381FEAE}"
EndProject
Project("{FAE04EC0-301F-11D3-BF4B-00C04F79EFBC}") = "Api.Libraries.MediatR", "Api.Libraries.MediatR\Api.Libraries.MediatR.csproj", "{2BDAEEE8-2EDD-45A5-9FF5-F3C1CC0FE122}"
EndProject
Global
	GlobalSection(SolutionConfigurationPlatforms) = preSolution
		Debug|Any CPU = Debug|Any CPU
		Release|Any CPU = Release|Any CPU
	EndGlobalSection
	GlobalSection(ProjectConfigurationPlatforms) = postSolution
		{72AC0836-F3ED-457F-9A6F-D0CD60DB4B0E}.Debug|Any CPU.ActiveCfg = Debug|Any CPU
		{72AC0836-F3ED-457F-9A6F-D0CD60DB4B0E}.Debug|Any CPU.Build.0 = Debug|Any CPU
		{72AC0836-F3ED-457F-9A6F-D0CD60DB4B0E}.Release|Any CPU.ActiveCfg = Release|Any CPU
		{72AC0836-F3ED-457F-9A6F-D0CD60DB4B0E}.Release|Any CPU.Build.0 = Release|Any CPU
		{C4D8CBD4-3142-4442-BC19-5657255D461A}.Debug|Any CPU.ActiveCfg = Debug|Any CPU
		{C4D8CBD4-3142-4442-BC19-5657255D461A}.Debug|Any CPU.Build.0 = Debug|Any CPU
		{C4D8CBD4-3142-4442-BC19-5657255D461A}.Release|Any CPU.ActiveCfg = Release|Any CPU
		{C4D8CBD4-3142-4442-BC19-5657255D461A}.Release|Any CPU.Build.0 = Release|Any CPU
		{D0643044-B9B9-43B8-BC6E-3DEBD28CE6C0}.Debug|Any CPU.ActiveCfg = Debug|Any CPU
		{D0643044-B9B9-43B8-BC6E-3DEBD28CE6C0}.Debug|Any CPU.Build.0 = Debug|Any CPU
		{D0643044-B9B9-43B8-BC6E-3DEBD28CE6C0}.Release|Any CPU.ActiveCfg = Release|Any CPU
		{D0643044-B9B9-43B8-BC6E-3DEBD28CE6C0}.Release|Any CPU.Build.0 = Release|Any CPU
		{A85F1B5D-1EAA-4CF2-9A0D-FC9FC7DAF836}.Debug|Any CPU.ActiveCfg = Debug|Any CPU
		{A85F1B5D-1EAA-4CF2-9A0D-FC9FC7DAF836}.Debug|Any CPU.Build.0 = Debug|Any CPU
		{A85F1B5D-1EAA-4CF2-9A0D-FC9FC7DAF836}.Release|Any CPU.ActiveCfg = Release|Any CPU
		{A85F1B5D-1EAA-4CF2-9A0D-FC9FC7DAF836}.Release|Any CPU.Build.0 = Release|Any CPU
		{D9C7F4B0-C3FC-44B4-9439-31A01381FEAE}.Debug|Any CPU.ActiveCfg = Debug|Any CPU
		{D9C7F4B0-C3FC-44B4-9439-31A01381FEAE}.Debug|Any CPU.Build.0 = Debug|Any CPU
		{D9C7F4B0-C3FC-44B4-9439-31A01381FEAE}.Release|Any CPU.ActiveCfg = Release|Any CPU
		{D9C7F4B0-C3FC-44B4-9439-31A01381FEAE}.Release|Any CPU.Build.0 = Release|Any CPU
		{2BDAEEE8-2EDD-45A5-9FF5-F3C1CC0FE122}.Debug|Any CPU.ActiveCfg = Debug|Any CPU
		{2BDAEEE8-2EDD-45A5-9FF5-F3C1CC0FE122}.Debug|Any CPU.Build.0 = Debug|Any CPU
		{2BDAEEE8-2EDD-45A5-9FF5-F3C1CC0FE122}.Release|Any CPU.ActiveCfg = Release|Any CPU
		{2BDAEEE8-2EDD-45A5-9FF5-F3C1CC0FE122}.Release|Any CPU.Build.0 = Release|Any CPU
	EndGlobalSection
	GlobalSection(SolutionProperties) = preSolution
		HideSolutionNode = FALSE
	EndGlobalSection
	GlobalSection(NestedProjects) = preSolution
		{A07A554C-9CD3-4101-94DD-CC05BE41802F} = {BF7CF0F2-F824-4A7E-B078-455265C6CE99}
		{72AC0836-F3ED-457F-9A6F-D0CD60DB4B0E} = {A07A554C-9CD3-4101-94DD-CC05BE41802F}
		{C4D8CBD4-3142-4442-BC19-5657255D461A} = {A07A554C-9CD3-4101-94DD-CC05BE41802F}
		{909A6389-41B0-4C35-8C43-77B424979FF6} = {BF7CF0F2-F824-4A7E-B078-455265C6CE99}
		{D0643044-B9B9-43B8-BC6E-3DEBD28CE6C0} = {909A6389-41B0-4C35-8C43-77B424979FF6}
		{A85F1B5D-1EAA-4CF2-9A0D-FC9FC7DAF836} = {909A6389-41B0-4C35-8C43-77B424979FF6}
		{D9C7F4B0-C3FC-44B4-9439-31A01381FEAE} = {B14331A4-2A14-4054-B098-B9F34BF4282A}
		{2BDAEEE8-2EDD-45A5-9FF5-F3C1CC0FE122} = {BF7CF0F2-F824-4A7E-B078-455265C6CE99}
	EndGlobalSection
	GlobalSection(ExtensibilityGlobals) = postSolution
		SolutionGuid = {EBE6724E-417C-4AB7-9D52-70A3F95176A6}
	EndGlobalSection
EndGlobal
